// !$*UTF8*$!
{
	archiveVersion = 1;
	classes = {
	};
	objectVersion = 56;
	objects = {

/* Begin PBXBuildFile section */
		F8090E5329BE553A000A45E9 /* ButtonProfileView.swift in Sources */ = {isa = PBXBuildFile; fileRef = F8090E5229BE553A000A45E9 /* ButtonProfileView.swift */; };
		F8090E5529BE5C6B000A45E9 /* PhotoUserView.swift in Sources */ = {isa = PBXBuildFile; fileRef = F8090E5429BE5C6B000A45E9 /* PhotoUserView.swift */; };
		F8090E5729BF1B5B000A45E9 /* ProfileViewModel.swift in Sources */ = {isa = PBXBuildFile; fileRef = F8090E5629BF1B5B000A45E9 /* ProfileViewModel.swift */; };
		F8090E5929BF1C25000A45E9 /* ButtonChangePhotoView.swift in Sources */ = {isa = PBXBuildFile; fileRef = F8090E5829BF1C25000A45E9 /* ButtonChangePhotoView.swift */; };
		F8E9C04B29BB691F006A164A /* DemoProfileApp.swift in Sources */ = {isa = PBXBuildFile; fileRef = F8E9C04A29BB691F006A164A /* DemoProfileApp.swift */; };
		F8E9C04F29BB691F006A164A /* Assets.xcassets in Resources */ = {isa = PBXBuildFile; fileRef = F8E9C04E29BB691F006A164A /* Assets.xcassets */; };
		F8E9C05229BB691F006A164A /* Preview Assets.xcassets in Resources */ = {isa = PBXBuildFile; fileRef = F8E9C05129BB691F006A164A /* Preview Assets.xcassets */; };
		F8E9C08629BB7870006A164A /* Montserrat-SemiBold.ttf in Resources */ = {isa = PBXBuildFile; fileRef = F8E9C08329BB7870006A164A /* Montserrat-SemiBold.ttf */; };
		F8E9C08729BB7870006A164A /* Montserrat-Bold.ttf in Resources */ = {isa = PBXBuildFile; fileRef = F8E9C08429BB7870006A164A /* Montserrat-Bold.ttf */; };
		F8E9C08829BB7870006A164A /* Montserrat-Regular.ttf in Resources */ = {isa = PBXBuildFile; fileRef = F8E9C08529BB7870006A164A /* Montserrat-Regular.ttf */; };
		F8E9C08B29BB79F6006A164A /* FontMontserrat.swift in Sources */ = {isa = PBXBuildFile; fileRef = F8E9C08A29BB79F6006A164A /* FontMontserrat.swift */; };
		F8E9C08D29BB8574006A164A /* Color + ext.swift in Sources */ = {isa = PBXBuildFile; fileRef = F8E9C08C29BB8574006A164A /* Color + ext.swift */; };
		F8E9C08F29BB95F1006A164A /* Image + ext.swift in Sources */ = {isa = PBXBuildFile; fileRef = F8E9C08E29BB95F1006A164A /* Image + ext.swift */; };
		F8E9C09129BB97BC006A164A /* TabBarItemView.swift in Sources */ = {isa = PBXBuildFile; fileRef = F8E9C09029BB97BC006A164A /* TabBarItemView.swift */; };
		F8E9C09629BB9EB5006A164A /* TabBarItem.swift in Sources */ = {isa = PBXBuildFile; fileRef = F8E9C09529BB9EB5006A164A /* TabBarItem.swift */; };
		F8E9C09829BBAFC3006A164A /* TabBarView.swift in Sources */ = {isa = PBXBuildFile; fileRef = F8E9C09729BBAFC3006A164A /* TabBarView.swift */; };
		F8E9C09A29BBB25D006A164A /* MainTabBarView.swift in Sources */ = {isa = PBXBuildFile; fileRef = F8E9C09929BBB25D006A164A /* MainTabBarView.swift */; };
		F8E9C09C29BBB3B9006A164A /* TabBarItemsPreferenceKey.swift in Sources */ = {isa = PBXBuildFile; fileRef = F8E9C09B29BBB3B9006A164A /* TabBarItemsPreferenceKey.swift */; };
		F8E9C0A029BBC1A7006A164A /* View + ext.swift in Sources */ = {isa = PBXBuildFile; fileRef = F8E9C09F29BBC1A7006A164A /* View + ext.swift */; };
		F8E9C0A429BBC753006A164A /* HomeView.swift in Sources */ = {isa = PBXBuildFile; fileRef = F8E9C0A329BBC753006A164A /* HomeView.swift */; };
		F8E9C0A629BBC7C8006A164A /* LikeView.swift in Sources */ = {isa = PBXBuildFile; fileRef = F8E9C0A529BBC7C8006A164A /* LikeView.swift */; };
		F8E9C0A829BBC7F8006A164A /* BasketView.swift in Sources */ = {isa = PBXBuildFile; fileRef = F8E9C0A729BBC7F8006A164A /* BasketView.swift */; };
		F8E9C0AA29BBC81A006A164A /* MessageView.swift in Sources */ = {isa = PBXBuildFile; fileRef = F8E9C0A929BBC81A006A164A /* MessageView.swift */; };
		F8E9C0AC29BBC831006A164A /* ProfileView.swift in Sources */ = {isa = PBXBuildFile; fileRef = F8E9C0AB29BBC831006A164A /* ProfileView.swift */; };
		F8E9C0AF29BC88AB006A164A /* SignInPageView.swift in Sources */ = {isa = PBXBuildFile; fileRef = F8E9C0AE29BC88AB006A164A /* SignInPageView.swift */; };
		F8E9C0B329BC8942006A164A /* TextFieldLoginView.swift in Sources */ = {isa = PBXBuildFile; fileRef = F8E9C0B229BC8942006A164A /* TextFieldLoginView.swift */; };
		F8E9C0B529BC9970006A164A /* ButtonBlueView.swift in Sources */ = {isa = PBXBuildFile; fileRef = F8E9C0B429BC9970006A164A /* ButtonBlueView.swift */; };
		F8E9C0B729BCA091006A164A /* AlreadyHaveAnAccountView .swift in Sources */ = {isa = PBXBuildFile; fileRef = F8E9C0B629BCA091006A164A /* AlreadyHaveAnAccountView .swift */; };
		F8E9C0B929BCA1DD006A164A /* Montserrat-Medium.ttf in Resources */ = {isa = PBXBuildFile; fileRef = F8E9C0B829BCA1DD006A164A /* Montserrat-Medium.ttf */; };
		F8E9C0BC29BCA577006A164A /* ButtonSignInAlternativeView.swift in Sources */ = {isa = PBXBuildFile; fileRef = F8E9C0BB29BCA577006A164A /* ButtonSignInAlternativeView.swift */; };
		F8E9C0BE29BCA741006A164A /* Resources.swift in Sources */ = {isa = PBXBuildFile; fileRef = F8E9C0BD29BCA741006A164A /* Resources.swift */; };
		F8E9C0C229BCBF4B006A164A /* LoginView.swift in Sources */ = {isa = PBXBuildFile; fileRef = F8E9C0C129BCBF4B006A164A /* LoginView.swift */; };
		F8E9C0C429BCC490006A164A /* User.swift in Sources */ = {isa = PBXBuildFile; fileRef = F8E9C0C329BCC490006A164A /* User.swift */; };
		F8E9C0C629BCC4E5006A164A /* SignInViewModel.swift in Sources */ = {isa = PBXBuildFile; fileRef = F8E9C0C529BCC4E5006A164A /* SignInViewModel.swift */; };
		F8E9C0C829BCD79F006A164A /* SecureFieldLoginView.swift in Sources */ = {isa = PBXBuildFile; fileRef = F8E9C0C729BCD79F006A164A /* SecureFieldLoginView.swift */; };
		F8E9C0CA29BD02DC006A164A /* String + ext.swift in Sources */ = {isa = PBXBuildFile; fileRef = F8E9C0C929BD02DC006A164A /* String + ext.swift */; };
		F8EA886929BF471700D0471E /* IconHomeView.swift in Sources */ = {isa = PBXBuildFile; fileRef = F8EA886829BF471700D0471E /* IconHomeView.swift */; };
		F8EA886B29BF4AB900D0471E /* HomeViewModel.swift in Sources */ = {isa = PBXBuildFile; fileRef = F8EA886A29BF4AB900D0471E /* HomeViewModel.swift */; };
		F8EA886D29BF4BF700D0471E /* IconCarouselHomeView.swift in Sources */ = {isa = PBXBuildFile; fileRef = F8EA886C29BF4BF700D0471E /* IconCarouselHomeView.swift */; };
		F8EA886F29BF4E9D00D0471E /* TitleNavBarHomeView.swift in Sources */ = {isa = PBXBuildFile; fileRef = F8EA886E29BF4E9D00D0471E /* TitleNavBarHomeView.swift */; };
		F8EA887329BF510F00D0471E /* PhotoNavBarHomeView.swift in Sources */ = {isa = PBXBuildFile; fileRef = F8EA887229BF510F00D0471E /* PhotoNavBarHomeView.swift */; };
		F8EA887529BF619200D0471E /* SearchView.swift in Sources */ = {isa = PBXBuildFile; fileRef = F8EA887429BF619200D0471E /* SearchView.swift */; };
		F8EA887729BF6A6E00D0471E /* HeaderCarouselView.swift in Sources */ = {isa = PBXBuildFile; fileRef = F8EA887629BF6A6E00D0471E /* HeaderCarouselView.swift */; };
		F8EA887929BF6D5600D0471E /* Latest.swift in Sources */ = {isa = PBXBuildFile; fileRef = F8EA887829BF6D5600D0471E /* Latest.swift */; };
		F8EA887B29BF6EEE00D0471E /* LatestView.swift in Sources */ = {isa = PBXBuildFile; fileRef = F8EA887A29BF6EEE00D0471E /* LatestView.swift */; };
		F8EA887D29BF72E100D0471E /* LoadImageForBannerView.swift in Sources */ = {isa = PBXBuildFile; fileRef = F8EA887C29BF72E100D0471E /* LoadImageForBannerView.swift */; };
		F8EA887F29BF745E00D0471E /* ButtonForBannerView.swift in Sources */ = {isa = PBXBuildFile; fileRef = F8EA887E29BF745E00D0471E /* ButtonForBannerView.swift */; };
		F8EA888129BF769900D0471E /* CategoryForBannerView.swift in Sources */ = {isa = PBXBuildFile; fileRef = F8EA888029BF769900D0471E /* CategoryForBannerView.swift */; };
		F8EA888329BF822000D0471E /* LatestCarouselHomeView.swift in Sources */ = {isa = PBXBuildFile; fileRef = F8EA888229BF822000D0471E /* LatestCarouselHomeView.swift */; };
		F8EA888529BFC49A00D0471E /* FlashSale.swift in Sources */ = {isa = PBXBuildFile; fileRef = F8EA888429BFC49A00D0471E /* FlashSale.swift */; };
		F8EA888729BFC4EB00D0471E /* FlashSaleView.swift in Sources */ = {isa = PBXBuildFile; fileRef = F8EA888629BFC4EB00D0471E /* FlashSaleView.swift */; };
		F8EA888929BFCD8500D0471E /* SaleOffForBannerView.swift in Sources */ = {isa = PBXBuildFile; fileRef = F8EA888829BFCD8500D0471E /* SaleOffForBannerView.swift */; };
		F8EA888B29BFCF4300D0471E /* ImageForBannerView.swift in Sources */ = {isa = PBXBuildFile; fileRef = F8EA888A29BFCF4300D0471E /* ImageForBannerView.swift */; };
		F8EA888D29BFD00300D0471E /* FlashCarouselHomeView.swift in Sources */ = {isa = PBXBuildFile; fileRef = F8EA888C29BFD00300D0471E /* FlashCarouselHomeView.swift */; };
		F8EA888F29C0783D00D0471E /* BrandView.swift in Sources */ = {isa = PBXBuildFile; fileRef = F8EA888E29C0783D00D0471E /* BrandView.swift */; };
		F8EA889129C07A0500D0471E /* BrandCarouselHomeView.swift in Sources */ = {isa = PBXBuildFile; fileRef = F8EA889029C07A0500D0471E /* BrandCarouselHomeView.swift */; };
		F8EA889329C07B5500D0471E /* PreviewContent.swift in Sources */ = {isa = PBXBuildFile; fileRef = F8EA889229C07B5500D0471E /* PreviewContent.swift */; };
		F8EA889629C08B4C00D0471E /* NetworkManager.swift in Sources */ = {isa = PBXBuildFile; fileRef = F8EA889529C08B4C00D0471E /* NetworkManager.swift */; };
/* End PBXBuildFile section */

/* Begin PBXFileReference section */
		F8090E5229BE553A000A45E9 /* ButtonProfileView.swift */ = {isa = PBXFileReference; lastKnownFileType = sourcecode.swift; path = ButtonProfileView.swift; sourceTree = "<group>"; };
		F8090E5429BE5C6B000A45E9 /* PhotoUserView.swift */ = {isa = PBXFileReference; lastKnownFileType = sourcecode.swift; path = PhotoUserView.swift; sourceTree = "<group>"; };
		F8090E5629BF1B5B000A45E9 /* ProfileViewModel.swift */ = {isa = PBXFileReference; lastKnownFileType = sourcecode.swift; path = ProfileViewModel.swift; sourceTree = "<group>"; };
		F8090E5829BF1C25000A45E9 /* ButtonChangePhotoView.swift */ = {isa = PBXFileReference; lastKnownFileType = sourcecode.swift; path = ButtonChangePhotoView.swift; sourceTree = "<group>"; };
		F8E9C04729BB691F006A164A /* DemoProfile.app */ = {isa = PBXFileReference; explicitFileType = wrapper.application; includeInIndex = 0; path = DemoProfile.app; sourceTree = BUILT_PRODUCTS_DIR; };
		F8E9C04A29BB691F006A164A /* DemoProfileApp.swift */ = {isa = PBXFileReference; lastKnownFileType = sourcecode.swift; path = DemoProfileApp.swift; sourceTree = "<group>"; };
		F8E9C04E29BB691F006A164A /* Assets.xcassets */ = {isa = PBXFileReference; lastKnownFileType = folder.assetcatalog; path = Assets.xcassets; sourceTree = "<group>"; };
		F8E9C05129BB691F006A164A /* Preview Assets.xcassets */ = {isa = PBXFileReference; lastKnownFileType = folder.assetcatalog; path = "Preview Assets.xcassets"; sourceTree = "<group>"; };
		F8E9C08329BB7870006A164A /* Montserrat-SemiBold.ttf */ = {isa = PBXFileReference; lastKnownFileType = file; path = "Montserrat-SemiBold.ttf"; sourceTree = "<group>"; };
		F8E9C08429BB7870006A164A /* Montserrat-Bold.ttf */ = {isa = PBXFileReference; lastKnownFileType = file; path = "Montserrat-Bold.ttf"; sourceTree = "<group>"; };
		F8E9C08529BB7870006A164A /* Montserrat-Regular.ttf */ = {isa = PBXFileReference; lastKnownFileType = file; path = "Montserrat-Regular.ttf"; sourceTree = "<group>"; };
		F8E9C08929BB78D5006A164A /* Info.plist */ = {isa = PBXFileReference; lastKnownFileType = text.plist; path = Info.plist; sourceTree = "<group>"; };
		F8E9C08A29BB79F6006A164A /* FontMontserrat.swift */ = {isa = PBXFileReference; lastKnownFileType = sourcecode.swift; path = FontMontserrat.swift; sourceTree = "<group>"; };
		F8E9C08C29BB8574006A164A /* Color + ext.swift */ = {isa = PBXFileReference; lastKnownFileType = sourcecode.swift; path = "Color + ext.swift"; sourceTree = "<group>"; };
		F8E9C08E29BB95F1006A164A /* Image + ext.swift */ = {isa = PBXFileReference; lastKnownFileType = sourcecode.swift; path = "Image + ext.swift"; sourceTree = "<group>"; };
		F8E9C09029BB97BC006A164A /* TabBarItemView.swift */ = {isa = PBXFileReference; lastKnownFileType = sourcecode.swift; path = TabBarItemView.swift; sourceTree = "<group>"; };
		F8E9C09529BB9EB5006A164A /* TabBarItem.swift */ = {isa = PBXFileReference; lastKnownFileType = sourcecode.swift; path = TabBarItem.swift; sourceTree = "<group>"; };
		F8E9C09729BBAFC3006A164A /* TabBarView.swift */ = {isa = PBXFileReference; lastKnownFileType = sourcecode.swift; path = TabBarView.swift; sourceTree = "<group>"; };
		F8E9C09929BBB25D006A164A /* MainTabBarView.swift */ = {isa = PBXFileReference; lastKnownFileType = sourcecode.swift; path = MainTabBarView.swift; sourceTree = "<group>"; };
		F8E9C09B29BBB3B9006A164A /* TabBarItemsPreferenceKey.swift */ = {isa = PBXFileReference; lastKnownFileType = sourcecode.swift; path = TabBarItemsPreferenceKey.swift; sourceTree = "<group>"; };
		F8E9C09F29BBC1A7006A164A /* View + ext.swift */ = {isa = PBXFileReference; lastKnownFileType = sourcecode.swift; path = "View + ext.swift"; sourceTree = "<group>"; };
		F8E9C0A329BBC753006A164A /* HomeView.swift */ = {isa = PBXFileReference; lastKnownFileType = sourcecode.swift; path = HomeView.swift; sourceTree = "<group>"; };
		F8E9C0A529BBC7C8006A164A /* LikeView.swift */ = {isa = PBXFileReference; lastKnownFileType = sourcecode.swift; path = LikeView.swift; sourceTree = "<group>"; };
		F8E9C0A729BBC7F8006A164A /* BasketView.swift */ = {isa = PBXFileReference; lastKnownFileType = sourcecode.swift; path = BasketView.swift; sourceTree = "<group>"; };
		F8E9C0A929BBC81A006A164A /* MessageView.swift */ = {isa = PBXFileReference; lastKnownFileType = sourcecode.swift; path = MessageView.swift; sourceTree = "<group>"; };
		F8E9C0AB29BBC831006A164A /* ProfileView.swift */ = {isa = PBXFileReference; lastKnownFileType = sourcecode.swift; path = ProfileView.swift; sourceTree = "<group>"; };
		F8E9C0AE29BC88AB006A164A /* SignInPageView.swift */ = {isa = PBXFileReference; lastKnownFileType = sourcecode.swift; path = SignInPageView.swift; sourceTree = "<group>"; };
		F8E9C0B229BC8942006A164A /* TextFieldLoginView.swift */ = {isa = PBXFileReference; lastKnownFileType = sourcecode.swift; path = TextFieldLoginView.swift; sourceTree = "<group>"; };
		F8E9C0B429BC9970006A164A /* ButtonBlueView.swift */ = {isa = PBXFileReference; lastKnownFileType = sourcecode.swift; path = ButtonBlueView.swift; sourceTree = "<group>"; };
		F8E9C0B629BCA091006A164A /* AlreadyHaveAnAccountView .swift */ = {isa = PBXFileReference; lastKnownFileType = sourcecode.swift; path = "AlreadyHaveAnAccountView .swift"; sourceTree = "<group>"; };
		F8E9C0B829BCA1DD006A164A /* Montserrat-Medium.ttf */ = {isa = PBXFileReference; lastKnownFileType = file; path = "Montserrat-Medium.ttf"; sourceTree = "<group>"; };
		F8E9C0BB29BCA577006A164A /* ButtonSignInAlternativeView.swift */ = {isa = PBXFileReference; lastKnownFileType = sourcecode.swift; path = ButtonSignInAlternativeView.swift; sourceTree = "<group>"; };
		F8E9C0BD29BCA741006A164A /* Resources.swift */ = {isa = PBXFileReference; lastKnownFileType = sourcecode.swift; path = Resources.swift; sourceTree = "<group>"; };
		F8E9C0C129BCBF4B006A164A /* LoginView.swift */ = {isa = PBXFileReference; lastKnownFileType = sourcecode.swift; path = LoginView.swift; sourceTree = "<group>"; };
		F8E9C0C329BCC490006A164A /* User.swift */ = {isa = PBXFileReference; lastKnownFileType = sourcecode.swift; path = User.swift; sourceTree = "<group>"; };
		F8E9C0C529BCC4E5006A164A /* SignInViewModel.swift */ = {isa = PBXFileReference; lastKnownFileType = sourcecode.swift; path = SignInViewModel.swift; sourceTree = "<group>"; };
		F8E9C0C729BCD79F006A164A /* SecureFieldLoginView.swift */ = {isa = PBXFileReference; lastKnownFileType = sourcecode.swift; path = SecureFieldLoginView.swift; sourceTree = "<group>"; };
		F8E9C0C929BD02DC006A164A /* String + ext.swift */ = {isa = PBXFileReference; lastKnownFileType = sourcecode.swift; path = "String + ext.swift"; sourceTree = "<group>"; };
		F8EA886829BF471700D0471E /* IconHomeView.swift */ = {isa = PBXFileReference; lastKnownFileType = sourcecode.swift; path = IconHomeView.swift; sourceTree = "<group>"; };
		F8EA886A29BF4AB900D0471E /* HomeViewModel.swift */ = {isa = PBXFileReference; lastKnownFileType = sourcecode.swift; path = HomeViewModel.swift; sourceTree = "<group>"; };
		F8EA886C29BF4BF700D0471E /* IconCarouselHomeView.swift */ = {isa = PBXFileReference; lastKnownFileType = sourcecode.swift; path = IconCarouselHomeView.swift; sourceTree = "<group>"; };
		F8EA886E29BF4E9D00D0471E /* TitleNavBarHomeView.swift */ = {isa = PBXFileReference; lastKnownFileType = sourcecode.swift; path = TitleNavBarHomeView.swift; sourceTree = "<group>"; };
		F8EA887229BF510F00D0471E /* PhotoNavBarHomeView.swift */ = {isa = PBXFileReference; lastKnownFileType = sourcecode.swift; path = PhotoNavBarHomeView.swift; sourceTree = "<group>"; };
		F8EA887429BF619200D0471E /* SearchView.swift */ = {isa = PBXFileReference; lastKnownFileType = sourcecode.swift; path = SearchView.swift; sourceTree = "<group>"; };
		F8EA887629BF6A6E00D0471E /* HeaderCarouselView.swift */ = {isa = PBXFileReference; lastKnownFileType = sourcecode.swift; path = HeaderCarouselView.swift; sourceTree = "<group>"; };
		F8EA887829BF6D5600D0471E /* Latest.swift */ = {isa = PBXFileReference; lastKnownFileType = sourcecode.swift; path = Latest.swift; sourceTree = "<group>"; };
		F8EA887A29BF6EEE00D0471E /* LatestView.swift */ = {isa = PBXFileReference; lastKnownFileType = sourcecode.swift; path = LatestView.swift; sourceTree = "<group>"; };
		F8EA887C29BF72E100D0471E /* LoadImageForBannerView.swift */ = {isa = PBXFileReference; lastKnownFileType = sourcecode.swift; path = LoadImageForBannerView.swift; sourceTree = "<group>"; };
		F8EA887E29BF745E00D0471E /* ButtonForBannerView.swift */ = {isa = PBXFileReference; lastKnownFileType = sourcecode.swift; path = ButtonForBannerView.swift; sourceTree = "<group>"; };
		F8EA888029BF769900D0471E /* CategoryForBannerView.swift */ = {isa = PBXFileReference; lastKnownFileType = sourcecode.swift; path = CategoryForBannerView.swift; sourceTree = "<group>"; };
		F8EA888229BF822000D0471E /* LatestCarouselHomeView.swift */ = {isa = PBXFileReference; lastKnownFileType = sourcecode.swift; path = LatestCarouselHomeView.swift; sourceTree = "<group>"; };
		F8EA888429BFC49A00D0471E /* FlashSale.swift */ = {isa = PBXFileReference; lastKnownFileType = sourcecode.swift; path = FlashSale.swift; sourceTree = "<group>"; };
		F8EA888629BFC4EB00D0471E /* FlashSaleView.swift */ = {isa = PBXFileReference; lastKnownFileType = sourcecode.swift; path = FlashSaleView.swift; sourceTree = "<group>"; };
		F8EA888829BFCD8500D0471E /* SaleOffForBannerView.swift */ = {isa = PBXFileReference; lastKnownFileType = sourcecode.swift; path = SaleOffForBannerView.swift; sourceTree = "<group>"; };
		F8EA888A29BFCF4300D0471E /* ImageForBannerView.swift */ = {isa = PBXFileReference; lastKnownFileType = sourcecode.swift; path = ImageForBannerView.swift; sourceTree = "<group>"; };
		F8EA888C29BFD00300D0471E /* FlashCarouselHomeView.swift */ = {isa = PBXFileReference; lastKnownFileType = sourcecode.swift; path = FlashCarouselHomeView.swift; sourceTree = "<group>"; };
		F8EA888E29C0783D00D0471E /* BrandView.swift */ = {isa = PBXFileReference; lastKnownFileType = sourcecode.swift; path = BrandView.swift; sourceTree = "<group>"; };
		F8EA889029C07A0500D0471E /* BrandCarouselHomeView.swift */ = {isa = PBXFileReference; lastKnownFileType = sourcecode.swift; path = BrandCarouselHomeView.swift; sourceTree = "<group>"; };
		F8EA889229C07B5500D0471E /* PreviewContent.swift */ = {isa = PBXFileReference; lastKnownFileType = sourcecode.swift; path = PreviewContent.swift; sourceTree = "<group>"; };
		F8EA889529C08B4C00D0471E /* NetworkManager.swift */ = {isa = PBXFileReference; lastKnownFileType = sourcecode.swift; path = NetworkManager.swift; sourceTree = "<group>"; };
/* End PBXFileReference section */

/* Begin PBXFrameworksBuildPhase section */
		F8E9C04429BB691F006A164A /* Frameworks */ = {
			isa = PBXFrameworksBuildPhase;
			buildActionMask = 2147483647;
			files = (
			);
			runOnlyForDeploymentPostprocessing = 0;
		};
/* End PBXFrameworksBuildPhase section */

/* Begin PBXGroup section */
		F8090E5029BE54A6000A45E9 /* Profile */ = {
			isa = PBXGroup;
			children = (
				F8E9C0AB29BBC831006A164A /* ProfileView.swift */,
				F8090E5129BE54AF000A45E9 /* Components */,
			);
			path = Profile;
			sourceTree = "<group>";
		};
		F8090E5129BE54AF000A45E9 /* Components */ = {
			isa = PBXGroup;
			children = (
				F8090E5229BE553A000A45E9 /* ButtonProfileView.swift */,
				F8090E5429BE5C6B000A45E9 /* PhotoUserView.swift */,
				F8090E5829BF1C25000A45E9 /* ButtonChangePhotoView.swift */,
			);
			path = Components;
			sourceTree = "<group>";
		};
		F8E9C03E29BB691F006A164A = {
			isa = PBXGroup;
			children = (
				F8E9C04929BB691F006A164A /* DemoProfile */,
				F8E9C04829BB691F006A164A /* Products */,
			);
			sourceTree = "<group>";
		};
		F8E9C04829BB691F006A164A /* Products */ = {
			isa = PBXGroup;
			children = (
				F8E9C04729BB691F006A164A /* DemoProfile.app */,
			);
			name = Products;
			sourceTree = "<group>";
		};
		F8E9C04929BB691F006A164A /* DemoProfile */ = {
			isa = PBXGroup;
			children = (
				F8E9C05829BB6D25006A164A /* App */,
				F8E9C05B29BB6D41006A164A /* Models */,
				F8E9C05929BB6D2C006A164A /* Views */,
				F8E9C05A29BB6D37006A164A /* ViewModels */,
				F8E9C05C29BB6D8E006A164A /* Extensions */,
				F8E9C05D29BB75C2006A164A /* Resources */,
				F8EA889429C08B3000D0471E /* Managers */,
				F8E9C08929BB78D5006A164A /* Info.plist */,
				F8E9C05029BB691F006A164A /* Preview Content */,
			);
			path = DemoProfile;
			sourceTree = "<group>";
		};
		F8E9C05029BB691F006A164A /* Preview Content */ = {
			isa = PBXGroup;
			children = (
				F8E9C05129BB691F006A164A /* Preview Assets.xcassets */,
				F8EA889229C07B5500D0471E /* PreviewContent.swift */,
			);
			path = "Preview Content";
			sourceTree = "<group>";
		};
		F8E9C05829BB6D25006A164A /* App */ = {
			isa = PBXGroup;
			children = (
				F8E9C04A29BB691F006A164A /* DemoProfileApp.swift */,
			);
			path = App;
			sourceTree = "<group>";
		};
		F8E9C05929BB6D2C006A164A /* Views */ = {
			isa = PBXGroup;
			children = (
				F8E9C0AD29BC8824006A164A /* SignIn */,
				F8E9C09429BB9E8B006A164A /* TabBar */,
				F8090E5029BE54A6000A45E9 /* Profile */,
				F8EA886229BF30F500D0471E /* Home */,
				F8EA886329BF310200D0471E /* Like */,
				F8EA886429BF310900D0471E /* Basket */,
				F8EA886529BF311000D0471E /* Message */,
			);
			path = Views;
			sourceTree = "<group>";
		};
		F8E9C05A29BB6D37006A164A /* ViewModels */ = {
			isa = PBXGroup;
			children = (
				F8E9C0C529BCC4E5006A164A /* SignInViewModel.swift */,
				F8090E5629BF1B5B000A45E9 /* ProfileViewModel.swift */,
				F8EA886A29BF4AB900D0471E /* HomeViewModel.swift */,
			);
			path = ViewModels;
			sourceTree = "<group>";
		};
		F8E9C05B29BB6D41006A164A /* Models */ = {
			isa = PBXGroup;
			children = (
				F8E9C0C329BCC490006A164A /* User.swift */,
				F8EA887829BF6D5600D0471E /* Latest.swift */,
				F8EA888429BFC49A00D0471E /* FlashSale.swift */,
			);
			path = Models;
			sourceTree = "<group>";
		};
		F8E9C05C29BB6D8E006A164A /* Extensions */ = {
			isa = PBXGroup;
			children = (
				F8E9C08C29BB8574006A164A /* Color + ext.swift */,
				F8E9C08E29BB95F1006A164A /* Image + ext.swift */,
				F8E9C09F29BBC1A7006A164A /* View + ext.swift */,
				F8E9C0C929BD02DC006A164A /* String + ext.swift */,
			);
			path = Extensions;
			sourceTree = "<group>";
		};
		F8E9C05D29BB75C2006A164A /* Resources */ = {
			isa = PBXGroup;
			children = (
				F8E9C05E29BB75DA006A164A /* Font */,
				F8E9C04E29BB691F006A164A /* Assets.xcassets */,
				F8E9C0BD29BCA741006A164A /* Resources.swift */,
			);
			path = Resources;
			sourceTree = "<group>";
		};
		F8E9C05E29BB75DA006A164A /* Font */ = {
			isa = PBXGroup;
			children = (
				F8E9C08A29BB79F6006A164A /* FontMontserrat.swift */,
				F8E9C0B829BCA1DD006A164A /* Montserrat-Medium.ttf */,
				F8E9C08429BB7870006A164A /* Montserrat-Bold.ttf */,
				F8E9C08529BB7870006A164A /* Montserrat-Regular.ttf */,
				F8E9C08329BB7870006A164A /* Montserrat-SemiBold.ttf */,
			);
			path = Font;
			sourceTree = "<group>";
		};
		F8E9C09429BB9E8B006A164A /* TabBar */ = {
			isa = PBXGroup;
			children = (
				F8E9C09929BBB25D006A164A /* MainTabBarView.swift */,
				F8E9C0BF29BCABF2006A164A /* Components */,
			);
			path = TabBar;
			sourceTree = "<group>";
		};
		F8E9C0AD29BC8824006A164A /* SignIn */ = {
			isa = PBXGroup;
			children = (
				F8E9C0AE29BC88AB006A164A /* SignInPageView.swift */,
				F8E9C0C129BCBF4B006A164A /* LoginView.swift */,
				F8E9C0BA29BCA49C006A164A /* Components */,
			);
			path = SignIn;
			sourceTree = "<group>";
		};
		F8E9C0BA29BCA49C006A164A /* Components */ = {
			isa = PBXGroup;
			children = (
				F8E9C0B229BC8942006A164A /* TextFieldLoginView.swift */,
				F8E9C0C729BCD79F006A164A /* SecureFieldLoginView.swift */,
				F8E9C0B429BC9970006A164A /* ButtonBlueView.swift */,
				F8E9C0B629BCA091006A164A /* AlreadyHaveAnAccountView .swift */,
				F8E9C0BB29BCA577006A164A /* ButtonSignInAlternativeView.swift */,
			);
			path = Components;
			sourceTree = "<group>";
		};
		F8E9C0BF29BCABF2006A164A /* Components */ = {
			isa = PBXGroup;
			children = (
				F8E9C09029BB97BC006A164A /* TabBarItemView.swift */,
				F8E9C09529BB9EB5006A164A /* TabBarItem.swift */,
				F8E9C09729BBAFC3006A164A /* TabBarView.swift */,
				F8E9C09B29BBB3B9006A164A /* TabBarItemsPreferenceKey.swift */,
			);
			path = Components;
			sourceTree = "<group>";
		};
		F8EA886229BF30F500D0471E /* Home */ = {
			isa = PBXGroup;
			children = (
				F8E9C0A329BBC753006A164A /* HomeView.swift */,
				F8EA886C29BF4BF700D0471E /* IconCarouselHomeView.swift */,
				F8EA888229BF822000D0471E /* LatestCarouselHomeView.swift */,
				F8EA888C29BFD00300D0471E /* FlashCarouselHomeView.swift */,
				F8EA889029C07A0500D0471E /* BrandCarouselHomeView.swift */,
				F8EA887A29BF6EEE00D0471E /* LatestView.swift */,
				F8EA888629BFC4EB00D0471E /* FlashSaleView.swift */,
				F8EA888E29C0783D00D0471E /* BrandView.swift */,
				F8EA886629BF3D3B00D0471E /* Components */,
			);
			path = Home;
			sourceTree = "<group>";
		};
		F8EA886329BF310200D0471E /* Like */ = {
			isa = PBXGroup;
			children = (
				F8E9C0A529BBC7C8006A164A /* LikeView.swift */,
			);
			path = Like;
			sourceTree = "<group>";
		};
		F8EA886429BF310900D0471E /* Basket */ = {
			isa = PBXGroup;
			children = (
				F8E9C0A729BBC7F8006A164A /* BasketView.swift */,
			);
			path = Basket;
			sourceTree = "<group>";
		};
		F8EA886529BF311000D0471E /* Message */ = {
			isa = PBXGroup;
			children = (
				F8E9C0A929BBC81A006A164A /* MessageView.swift */,
			);
			path = Message;
			sourceTree = "<group>";
		};
		F8EA886629BF3D3B00D0471E /* Components */ = {
			isa = PBXGroup;
			children = (
				F8EA886829BF471700D0471E /* IconHomeView.swift */,
				F8EA886E29BF4E9D00D0471E /* TitleNavBarHomeView.swift */,
				F8EA887229BF510F00D0471E /* PhotoNavBarHomeView.swift */,
				F8EA887429BF619200D0471E /* SearchView.swift */,
				F8EA887629BF6A6E00D0471E /* HeaderCarouselView.swift */,
				F8EA887C29BF72E100D0471E /* LoadImageForBannerView.swift */,
				F8EA887E29BF745E00D0471E /* ButtonForBannerView.swift */,
				F8EA888029BF769900D0471E /* CategoryForBannerView.swift */,
				F8EA888829BFCD8500D0471E /* SaleOffForBannerView.swift */,
				F8EA888A29BFCF4300D0471E /* ImageForBannerView.swift */,
			);
			path = Components;
			sourceTree = "<group>";
		};
		F8EA889429C08B3000D0471E /* Managers */ = {
			isa = PBXGroup;
			children = (
				F8EA889529C08B4C00D0471E /* NetworkManager.swift */,
			);
			path = Managers;
			sourceTree = "<group>";
		};
/* End PBXGroup section */

/* Begin PBXNativeTarget section */
		F8E9C04629BB691F006A164A /* DemoProfile */ = {
			isa = PBXNativeTarget;
			buildConfigurationList = F8E9C05529BB691F006A164A /* Build configuration list for PBXNativeTarget "DemoProfile" */;
			buildPhases = (
				F8E9C04329BB691F006A164A /* Sources */,
				F8E9C04429BB691F006A164A /* Frameworks */,
				F8E9C04529BB691F006A164A /* Resources */,
			);
			buildRules = (
			);
			dependencies = (
			);
			name = DemoProfile;
			productName = DemoProfile;
			productReference = F8E9C04729BB691F006A164A /* DemoProfile.app */;
			productType = "com.apple.product-type.application";
		};
/* End PBXNativeTarget section */

/* Begin PBXProject section */
		F8E9C03F29BB691F006A164A /* Project object */ = {
			isa = PBXProject;
			attributes = {
				BuildIndependentTargetsInParallel = 1;
				LastSwiftUpdateCheck = 1420;
				LastUpgradeCheck = 1420;
				TargetAttributes = {
					F8E9C04629BB691F006A164A = {
						CreatedOnToolsVersion = 14.2;
					};
				};
			};
			buildConfigurationList = F8E9C04229BB691F006A164A /* Build configuration list for PBXProject "DemoProfile" */;
			compatibilityVersion = "Xcode 14.0";
			developmentRegion = en;
			hasScannedForEncodings = 0;
			knownRegions = (
				en,
				Base,
			);
			mainGroup = F8E9C03E29BB691F006A164A;
			productRefGroup = F8E9C04829BB691F006A164A /* Products */;
			projectDirPath = "";
			projectRoot = "";
			targets = (
				F8E9C04629BB691F006A164A /* DemoProfile */,
			);
		};
/* End PBXProject section */

/* Begin PBXResourcesBuildPhase section */
		F8E9C04529BB691F006A164A /* Resources */ = {
			isa = PBXResourcesBuildPhase;
			buildActionMask = 2147483647;
			files = (
				F8E9C08729BB7870006A164A /* Montserrat-Bold.ttf in Resources */,
				F8E9C08629BB7870006A164A /* Montserrat-SemiBold.ttf in Resources */,
				F8E9C05229BB691F006A164A /* Preview Assets.xcassets in Resources */,
				F8E9C08829BB7870006A164A /* Montserrat-Regular.ttf in Resources */,
				F8E9C0B929BCA1DD006A164A /* Montserrat-Medium.ttf in Resources */,
				F8E9C04F29BB691F006A164A /* Assets.xcassets in Resources */,
			);
			runOnlyForDeploymentPostprocessing = 0;
		};
/* End PBXResourcesBuildPhase section */

/* Begin PBXSourcesBuildPhase section */
		F8E9C04329BB691F006A164A /* Sources */ = {
			isa = PBXSourcesBuildPhase;
			buildActionMask = 2147483647;
			files = (
				F8E9C09129BB97BC006A164A /* TabBarItemView.swift in Sources */,
				F8E9C0A029BBC1A7006A164A /* View + ext.swift in Sources */,
				F8090E5729BF1B5B000A45E9 /* ProfileViewModel.swift in Sources */,
				F8EA886B29BF4AB900D0471E /* HomeViewModel.swift in Sources */,
				F8E9C0BC29BCA577006A164A /* ButtonSignInAlternativeView.swift in Sources */,
				F8E9C0A829BBC7F8006A164A /* BasketView.swift in Sources */,
				F8E9C09829BBAFC3006A164A /* TabBarView.swift in Sources */,
				F8E9C0B729BCA091006A164A /* AlreadyHaveAnAccountView .swift in Sources */,
				F8EA888129BF769900D0471E /* CategoryForBannerView.swift in Sources */,
				F8EA888D29BFD00300D0471E /* FlashCarouselHomeView.swift in Sources */,
				F8090E5929BF1C25000A45E9 /* ButtonChangePhotoView.swift in Sources */,
				F8E9C0B329BC8942006A164A /* TextFieldLoginView.swift in Sources */,
				F8E9C04B29BB691F006A164A /* DemoProfileApp.swift in Sources */,
				F8E9C0CA29BD02DC006A164A /* String + ext.swift in Sources */,
				F8EA888929BFCD8500D0471E /* SaleOffForBannerView.swift in Sources */,
				F8EA889129C07A0500D0471E /* BrandCarouselHomeView.swift in Sources */,
				F8EA889629C08B4C00D0471E /* NetworkManager.swift in Sources */,
				F8EA887729BF6A6E00D0471E /* HeaderCarouselView.swift in Sources */,
				F8E9C0C229BCBF4B006A164A /* LoginView.swift in Sources */,
				F8EA886929BF471700D0471E /* IconHomeView.swift in Sources */,
				F8EA888B29BFCF4300D0471E /* ImageForBannerView.swift in Sources */,
				F8E9C09A29BBB25D006A164A /* MainTabBarView.swift in Sources */,
				F8EA888529BFC49A00D0471E /* FlashSale.swift in Sources */,
				F8EA888F29C0783D00D0471E /* BrandView.swift in Sources */,
				F8E9C0BE29BCA741006A164A /* Resources.swift in Sources */,
				F8E9C08B29BB79F6006A164A /* FontMontserrat.swift in Sources */,
				F8E9C0C829BCD79F006A164A /* SecureFieldLoginView.swift in Sources */,
				F8090E5529BE5C6B000A45E9 /* PhotoUserView.swift in Sources */,
				F8E9C08D29BB8574006A164A /* Color + ext.swift in Sources */,
				F8EA887329BF510F00D0471E /* PhotoNavBarHomeView.swift in Sources */,
				F8EA888329BF822000D0471E /* LatestCarouselHomeView.swift in Sources */,
				F8E9C0B529BC9970006A164A /* ButtonBlueView.swift in Sources */,
				F8E9C09629BB9EB5006A164A /* TabBarItem.swift in Sources */,
				F8EA889329C07B5500D0471E /* PreviewContent.swift in Sources */,
				F8090E5329BE553A000A45E9 /* ButtonProfileView.swift in Sources */,
				F8E9C0AC29BBC831006A164A /* ProfileView.swift in Sources */,
				F8E9C0A429BBC753006A164A /* HomeView.swift in Sources */,
				F8E9C0A629BBC7C8006A164A /* LikeView.swift in Sources */,
				F8EA888729BFC4EB00D0471E /* FlashSaleView.swift in Sources */,
				F8EA887D29BF72E100D0471E /* LoadImageForBannerView.swift in Sources */,
				F8E9C08F29BB95F1006A164A /* Image + ext.swift in Sources */,
				F8EA887529BF619200D0471E /* SearchView.swift in Sources */,
				F8E9C0AA29BBC81A006A164A /* MessageView.swift in Sources */,
				F8EA886F29BF4E9D00D0471E /* TitleNavBarHomeView.swift in Sources */,
				F8EA887929BF6D5600D0471E /* Latest.swift in Sources */,
				F8E9C09C29BBB3B9006A164A /* TabBarItemsPreferenceKey.swift in Sources */,
				F8E9C0AF29BC88AB006A164A /* SignInPageView.swift in Sources */,
				F8E9C0C429BCC490006A164A /* User.swift in Sources */,
				F8EA886D29BF4BF700D0471E /* IconCarouselHomeView.swift in Sources */,
				F8EA887F29BF745E00D0471E /* ButtonForBannerView.swift in Sources */,
				F8E9C0C629BCC4E5006A164A /* SignInViewModel.swift in Sources */,
				F8EA887B29BF6EEE00D0471E /* LatestView.swift in Sources */,
			);
			runOnlyForDeploymentPostprocessing = 0;
		};
/* End PBXSourcesBuildPhase section */

/* Begin XCBuildConfiguration section */
		F8E9C05329BB691F006A164A /* Debug */ = {
			isa = XCBuildConfiguration;
			buildSettings = {
				ALWAYS_SEARCH_USER_PATHS = NO;
				CLANG_ANALYZER_NONNULL = YES;
				CLANG_ANALYZER_NUMBER_OBJECT_CONVERSION = YES_AGGRESSIVE;
				CLANG_CXX_LANGUAGE_STANDARD = "gnu++20";
				CLANG_ENABLE_MODULES = YES;
				CLANG_ENABLE_OBJC_ARC = YES;
				CLANG_ENABLE_OBJC_WEAK = YES;
				CLANG_WARN_BLOCK_CAPTURE_AUTORELEASING = YES;
				CLANG_WARN_BOOL_CONVERSION = YES;
				CLANG_WARN_COMMA = YES;
				CLANG_WARN_CONSTANT_CONVERSION = YES;
				CLANG_WARN_DEPRECATED_OBJC_IMPLEMENTATIONS = YES;
				CLANG_WARN_DIRECT_OBJC_ISA_USAGE = YES_ERROR;
				CLANG_WARN_DOCUMENTATION_COMMENTS = YES;
				CLANG_WARN_EMPTY_BODY = YES;
				CLANG_WARN_ENUM_CONVERSION = YES;
				CLANG_WARN_INFINITE_RECURSION = YES;
				CLANG_WARN_INT_CONVERSION = YES;
				CLANG_WARN_NON_LITERAL_NULL_CONVERSION = YES;
				CLANG_WARN_OBJC_IMPLICIT_RETAIN_SELF = YES;
				CLANG_WARN_OBJC_LITERAL_CONVERSION = YES;
				CLANG_WARN_OBJC_ROOT_CLASS = YES_ERROR;
				CLANG_WARN_QUOTED_INCLUDE_IN_FRAMEWORK_HEADER = YES;
				CLANG_WARN_RANGE_LOOP_ANALYSIS = YES;
				CLANG_WARN_STRICT_PROTOTYPES = YES;
				CLANG_WARN_SUSPICIOUS_MOVE = YES;
				CLANG_WARN_UNGUARDED_AVAILABILITY = YES_AGGRESSIVE;
				CLANG_WARN_UNREACHABLE_CODE = YES;
				CLANG_WARN__DUPLICATE_METHOD_MATCH = YES;
				COPY_PHASE_STRIP = NO;
				DEBUG_INFORMATION_FORMAT = dwarf;
				ENABLE_STRICT_OBJC_MSGSEND = YES;
				ENABLE_TESTABILITY = YES;
				GCC_C_LANGUAGE_STANDARD = gnu11;
				GCC_DYNAMIC_NO_PIC = NO;
				GCC_NO_COMMON_BLOCKS = YES;
				GCC_OPTIMIZATION_LEVEL = 0;
				GCC_PREPROCESSOR_DEFINITIONS = (
					"DEBUG=1",
					"$(inherited)",
				);
				GCC_WARN_64_TO_32_BIT_CONVERSION = YES;
				GCC_WARN_ABOUT_RETURN_TYPE = YES_ERROR;
				GCC_WARN_UNDECLARED_SELECTOR = YES;
				GCC_WARN_UNINITIALIZED_AUTOS = YES_AGGRESSIVE;
				GCC_WARN_UNUSED_FUNCTION = YES;
				GCC_WARN_UNUSED_VARIABLE = YES;
				IPHONEOS_DEPLOYMENT_TARGET = 16.2;
				MTL_ENABLE_DEBUG_INFO = INCLUDE_SOURCE;
				MTL_FAST_MATH = YES;
				ONLY_ACTIVE_ARCH = YES;
				SDKROOT = iphoneos;
				SWIFT_ACTIVE_COMPILATION_CONDITIONS = DEBUG;
				SWIFT_OPTIMIZATION_LEVEL = "-Onone";
			};
			name = Debug;
		};
		F8E9C05429BB691F006A164A /* Release */ = {
			isa = XCBuildConfiguration;
			buildSettings = {
				ALWAYS_SEARCH_USER_PATHS = NO;
				CLANG_ANALYZER_NONNULL = YES;
				CLANG_ANALYZER_NUMBER_OBJECT_CONVERSION = YES_AGGRESSIVE;
				CLANG_CXX_LANGUAGE_STANDARD = "gnu++20";
				CLANG_ENABLE_MODULES = YES;
				CLANG_ENABLE_OBJC_ARC = YES;
				CLANG_ENABLE_OBJC_WEAK = YES;
				CLANG_WARN_BLOCK_CAPTURE_AUTORELEASING = YES;
				CLANG_WARN_BOOL_CONVERSION = YES;
				CLANG_WARN_COMMA = YES;
				CLANG_WARN_CONSTANT_CONVERSION = YES;
				CLANG_WARN_DEPRECATED_OBJC_IMPLEMENTATIONS = YES;
				CLANG_WARN_DIRECT_OBJC_ISA_USAGE = YES_ERROR;
				CLANG_WARN_DOCUMENTATION_COMMENTS = YES;
				CLANG_WARN_EMPTY_BODY = YES;
				CLANG_WARN_ENUM_CONVERSION = YES;
				CLANG_WARN_INFINITE_RECURSION = YES;
				CLANG_WARN_INT_CONVERSION = YES;
				CLANG_WARN_NON_LITERAL_NULL_CONVERSION = YES;
				CLANG_WARN_OBJC_IMPLICIT_RETAIN_SELF = YES;
				CLANG_WARN_OBJC_LITERAL_CONVERSION = YES;
				CLANG_WARN_OBJC_ROOT_CLASS = YES_ERROR;
				CLANG_WARN_QUOTED_INCLUDE_IN_FRAMEWORK_HEADER = YES;
				CLANG_WARN_RANGE_LOOP_ANALYSIS = YES;
				CLANG_WARN_STRICT_PROTOTYPES = YES;
				CLANG_WARN_SUSPICIOUS_MOVE = YES;
				CLANG_WARN_UNGUARDED_AVAILABILITY = YES_AGGRESSIVE;
				CLANG_WARN_UNREACHABLE_CODE = YES;
				CLANG_WARN__DUPLICATE_METHOD_MATCH = YES;
				COPY_PHASE_STRIP = NO;
				DEBUG_INFORMATION_FORMAT = "dwarf-with-dsym";
				ENABLE_NS_ASSERTIONS = NO;
				ENABLE_STRICT_OBJC_MSGSEND = YES;
				GCC_C_LANGUAGE_STANDARD = gnu11;
				GCC_NO_COMMON_BLOCKS = YES;
				GCC_WARN_64_TO_32_BIT_CONVERSION = YES;
				GCC_WARN_ABOUT_RETURN_TYPE = YES_ERROR;
				GCC_WARN_UNDECLARED_SELECTOR = YES;
				GCC_WARN_UNINITIALIZED_AUTOS = YES_AGGRESSIVE;
				GCC_WARN_UNUSED_FUNCTION = YES;
				GCC_WARN_UNUSED_VARIABLE = YES;
				IPHONEOS_DEPLOYMENT_TARGET = 16.2;
				MTL_ENABLE_DEBUG_INFO = NO;
				MTL_FAST_MATH = YES;
				SDKROOT = iphoneos;
				SWIFT_COMPILATION_MODE = wholemodule;
				SWIFT_OPTIMIZATION_LEVEL = "-O";
				VALIDATE_PRODUCT = YES;
			};
			name = Release;
		};
		F8E9C05629BB691F006A164A /* Debug */ = {
			isa = XCBuildConfiguration;
			buildSettings = {
				ASSETCATALOG_COMPILER_APPICON_NAME = AppIcon;
				ASSETCATALOG_COMPILER_GLOBAL_ACCENT_COLOR_NAME = AccentColor;
				CODE_SIGN_STYLE = Automatic;
				CURRENT_PROJECT_VERSION = 1;
				DEVELOPMENT_ASSET_PATHS = "\"DemoProfile/Preview Content\"";
				DEVELOPMENT_TEAM = H5J3S6F67R;
				ENABLE_PREVIEWS = YES;
				GENERATE_INFOPLIST_FILE = YES;
				INFOPLIST_FILE = DemoProfile/Info.plist;
				INFOPLIST_KEY_UIApplicationSceneManifest_Generation = YES;
				INFOPLIST_KEY_UIApplicationSupportsIndirectInputEvents = YES;
				INFOPLIST_KEY_UILaunchScreen_Generation = YES;
				INFOPLIST_KEY_UIStatusBarStyle = "";
				INFOPLIST_KEY_UISupportedInterfaceOrientations_iPad = "UIInterfaceOrientationPortrait UIInterfaceOrientationPortraitUpsideDown UIInterfaceOrientationLandscapeLeft UIInterfaceOrientationLandscapeRight";
				INFOPLIST_KEY_UISupportedInterfaceOrientations_iPhone = "UIInterfaceOrientationPortrait UIInterfaceOrientationLandscapeLeft UIInterfaceOrientationLandscapeRight";
				IPHONEOS_DEPLOYMENT_TARGET = 16.0;
				LD_RUNPATH_SEARCH_PATHS = (
					"$(inherited)",
					"@executable_path/Frameworks",
				);
				MARKETING_VERSION = 1.0;
				PRODUCT_BUNDLE_IDENTIFIER = com.pal.artem.DemoProfile;
				PRODUCT_NAME = "$(TARGET_NAME)";
				SWIFT_EMIT_LOC_STRINGS = YES;
				SWIFT_VERSION = 5.0;
				TARGETED_DEVICE_FAMILY = "1,2";
			};
			name = Debug;
		};
		F8E9C05729BB691F006A164A /* Release */ = {
			isa = XCBuildConfiguration;
			buildSettings = {
				ASSETCATALOG_COMPILER_APPICON_NAME = AppIcon;
				ASSETCATALOG_COMPILER_GLOBAL_ACCENT_COLOR_NAME = AccentColor;
				CODE_SIGN_STYLE = Automatic;
				CURRENT_PROJECT_VERSION = 1;
				DEVELOPMENT_ASSET_PATHS = "\"DemoProfile/Preview Content\"";
				DEVELOPMENT_TEAM = H5J3S6F67R;
				ENABLE_PREVIEWS = YES;
				GENERATE_INFOPLIST_FILE = YES;
				INFOPLIST_FILE = DemoProfile/Info.plist;
				INFOPLIST_KEY_UIApplicationSceneManifest_Generation = YES;
				INFOPLIST_KEY_UIApplicationSupportsIndirectInputEvents = YES;
				INFOPLIST_KEY_UILaunchScreen_Generation = YES;
				INFOPLIST_KEY_UIStatusBarStyle = "";
				INFOPLIST_KEY_UISupportedInterfaceOrientations_iPad = "UIInterfaceOrientationPortrait UIInterfaceOrientationPortraitUpsideDown UIInterfaceOrientationLandscapeLeft UIInterfaceOrientationLandscapeRight";
				INFOPLIST_KEY_UISupportedInterfaceOrientations_iPhone = "UIInterfaceOrientationPortrait UIInterfaceOrientationLandscapeLeft UIInterfaceOrientationLandscapeRight";
				IPHONEOS_DEPLOYMENT_TARGET = 16.0;
				LD_RUNPATH_SEARCH_PATHS = (
					"$(inherited)",
					"@executable_path/Frameworks",
				);
				MARKETING_VERSION = 1.0;
				PRODUCT_BUNDLE_IDENTIFIER = com.pal.artem.DemoProfile;
				PRODUCT_NAME = "$(TARGET_NAME)";
				SWIFT_EMIT_LOC_STRINGS = YES;
				SWIFT_VERSION = 5.0;
				TARGETED_DEVICE_FAMILY = "1,2";
			};
			name = Release;
		};
/* End XCBuildConfiguration section */

/* Begin XCConfigurationList section */
		F8E9C04229BB691F006A164A /* Build configuration list for PBXProject "DemoProfile" */ = {
			isa = XCConfigurationList;
			buildConfigurations = (
				F8E9C05329BB691F006A164A /* Debug */,
				F8E9C05429BB691F006A164A /* Release */,
			);
			defaultConfigurationIsVisible = 0;
			defaultConfigurationName = Release;
		};
		F8E9C05529BB691F006A164A /* Build configuration list for PBXNativeTarget "DemoProfile" */ = {
			isa = XCConfigurationList;
			buildConfigurations = (
				F8E9C05629BB691F006A164A /* Debug */,
				F8E9C05729BB691F006A164A /* Release */,
			);
			defaultConfigurationIsVisible = 0;
			defaultConfigurationName = Release;
		};
/* End XCConfigurationList section */
	};
	rootObject = F8E9C03F29BB691F006A164A /* Project object */;
}
