// !$*UTF8*$!
{
	archiveVersion = 1;
	classes = {
	};
	objectVersion = 56;
	objects = {

/* Begin PBXBuildFile section */
		F8E9C04B29BB691F006A164A /* DemoProfileApp.swift in Sources */ = {isa = PBXBuildFile; fileRef = F8E9C04A29BB691F006A164A /* DemoProfileApp.swift */; };
		F8E9C04F29BB691F006A164A /* Assets.xcassets in Resources */ = {isa = PBXBuildFile; fileRef = F8E9C04E29BB691F006A164A /* Assets.xcassets */; };
		F8E9C05229BB691F006A164A /* Preview Assets.xcassets in Resources */ = {isa = PBXBuildFile; fileRef = F8E9C05129BB691F006A164A /* Preview Assets.xcassets */; };
		F8E9C08629BB7870006A164A /* Montserrat-SemiBold.ttf in Resources */ = {isa = PBXBuildFile; fileRef = F8E9C08329BB7870006A164A /* Montserrat-SemiBold.ttf */; };
		F8E9C08729BB7870006A164A /* Montserrat-Bold.ttf in Resources */ = {isa = PBXBuildFile; fileRef = F8E9C08429BB7870006A164A /* Montserrat-Bold.ttf */; };
		F8E9C08829BB7870006A164A /* Montserrat-Regular.ttf in Resources */ = {isa = PBXBuildFile; fileRef = F8E9C08529BB7870006A164A /* Montserrat-Regular.ttf */; };
		F8E9C08B29BB79F6006A164A /* FontMontserrat.swift in Sources */ = {isa = PBXBuildFile; fileRef = F8E9C08A29BB79F6006A164A /* FontMontserrat.swift */; };
		F8E9C08D29BB8574006A164A /* Color + ext.swift in Sources */ = {isa = PBXBuildFile; fileRef = F8E9C08C29BB8574006A164A /* Color + ext.swift */; };
		F8E9C08F29BB95F1006A164A /* Image + ext.swift in Sources */ = {isa = PBXBuildFile; fileRef = F8E9C08E29BB95F1006A164A /* Image + ext.swift */; };
		F8E9C09129BB97BC006A164A /* TabBarItemView.swift in Sources */ = {isa = PBXBuildFile; fileRef = F8E9C09029BB97BC006A164A /* TabBarItemView.swift */; };
		F8E9C09629BB9EB5006A164A /* TabBarItem.swift in Sources */ = {isa = PBXBuildFile; fileRef = F8E9C09529BB9EB5006A164A /* TabBarItem.swift */; };
		F8E9C09829BBAFC3006A164A /* TabBarView.swift in Sources */ = {isa = PBXBuildFile; fileRef = F8E9C09729BBAFC3006A164A /* TabBarView.swift */; };
		F8E9C09A29BBB25D006A164A /* MainTabBarView.swift in Sources */ = {isa = PBXBuildFile; fileRef = F8E9C09929BBB25D006A164A /* MainTabBarView.swift */; };
		F8E9C09C29BBB3B9006A164A /* TabBarItemsPreferenceKey.swift in Sources */ = {isa = PBXBuildFile; fileRef = F8E9C09B29BBB3B9006A164A /* TabBarItemsPreferenceKey.swift */; };
		F8E9C0A029BBC1A7006A164A /* View + ext.swift in Sources */ = {isa = PBXBuildFile; fileRef = F8E9C09F29BBC1A7006A164A /* View + ext.swift */; };
		F8E9C0A429BBC753006A164A /* HomeView.swift in Sources */ = {isa = PBXBuildFile; fileRef = F8E9C0A329BBC753006A164A /* HomeView.swift */; };
		F8E9C0A629BBC7C8006A164A /* LikeView.swift in Sources */ = {isa = PBXBuildFile; fileRef = F8E9C0A529BBC7C8006A164A /* LikeView.swift */; };
		F8E9C0A829BBC7F8006A164A /* BasketView.swift in Sources */ = {isa = PBXBuildFile; fileRef = F8E9C0A729BBC7F8006A164A /* BasketView.swift */; };
		F8E9C0AA29BBC81A006A164A /* MessageView.swift in Sources */ = {isa = PBXBuildFile; fileRef = F8E9C0A929BBC81A006A164A /* MessageView.swift */; };
		F8E9C0AC29BBC831006A164A /* AccountView.swift in Sources */ = {isa = PBXBuildFile; fileRef = F8E9C0AB29BBC831006A164A /* AccountView.swift */; };
/* End PBXBuildFile section */

/* Begin PBXFileReference section */
		F8E9C04729BB691F006A164A /* DemoProfile.app */ = {isa = PBXFileReference; explicitFileType = wrapper.application; includeInIndex = 0; path = DemoProfile.app; sourceTree = BUILT_PRODUCTS_DIR; };
		F8E9C04A29BB691F006A164A /* DemoProfileApp.swift */ = {isa = PBXFileReference; lastKnownFileType = sourcecode.swift; path = DemoProfileApp.swift; sourceTree = "<group>"; };
		F8E9C04E29BB691F006A164A /* Assets.xcassets */ = {isa = PBXFileReference; lastKnownFileType = folder.assetcatalog; path = Assets.xcassets; sourceTree = "<group>"; };
		F8E9C05129BB691F006A164A /* Preview Assets.xcassets */ = {isa = PBXFileReference; lastKnownFileType = folder.assetcatalog; path = "Preview Assets.xcassets"; sourceTree = "<group>"; };
		F8E9C08329BB7870006A164A /* Montserrat-SemiBold.ttf */ = {isa = PBXFileReference; lastKnownFileType = file; path = "Montserrat-SemiBold.ttf"; sourceTree = "<group>"; };
		F8E9C08429BB7870006A164A /* Montserrat-Bold.ttf */ = {isa = PBXFileReference; lastKnownFileType = file; path = "Montserrat-Bold.ttf"; sourceTree = "<group>"; };
		F8E9C08529BB7870006A164A /* Montserrat-Regular.ttf */ = {isa = PBXFileReference; lastKnownFileType = file; path = "Montserrat-Regular.ttf"; sourceTree = "<group>"; };
		F8E9C08929BB78D5006A164A /* Info.plist */ = {isa = PBXFileReference; lastKnownFileType = text.plist; path = Info.plist; sourceTree = "<group>"; };
		F8E9C08A29BB79F6006A164A /* FontMontserrat.swift */ = {isa = PBXFileReference; lastKnownFileType = sourcecode.swift; path = FontMontserrat.swift; sourceTree = "<group>"; };
		F8E9C08C29BB8574006A164A /* Color + ext.swift */ = {isa = PBXFileReference; lastKnownFileType = sourcecode.swift; path = "Color + ext.swift"; sourceTree = "<group>"; };
		F8E9C08E29BB95F1006A164A /* Image + ext.swift */ = {isa = PBXFileReference; lastKnownFileType = sourcecode.swift; path = "Image + ext.swift"; sourceTree = "<group>"; };
		F8E9C09029BB97BC006A164A /* TabBarItemView.swift */ = {isa = PBXFileReference; lastKnownFileType = sourcecode.swift; path = TabBarItemView.swift; sourceTree = "<group>"; };
		F8E9C09529BB9EB5006A164A /* TabBarItem.swift */ = {isa = PBXFileReference; lastKnownFileType = sourcecode.swift; path = TabBarItem.swift; sourceTree = "<group>"; };
		F8E9C09729BBAFC3006A164A /* TabBarView.swift */ = {isa = PBXFileReference; lastKnownFileType = sourcecode.swift; path = TabBarView.swift; sourceTree = "<group>"; };
		F8E9C09929BBB25D006A164A /* MainTabBarView.swift */ = {isa = PBXFileReference; lastKnownFileType = sourcecode.swift; path = MainTabBarView.swift; sourceTree = "<group>"; };
		F8E9C09B29BBB3B9006A164A /* TabBarItemsPreferenceKey.swift */ = {isa = PBXFileReference; lastKnownFileType = sourcecode.swift; path = TabBarItemsPreferenceKey.swift; sourceTree = "<group>"; };
		F8E9C09F29BBC1A7006A164A /* View + ext.swift */ = {isa = PBXFileReference; lastKnownFileType = sourcecode.swift; path = "View + ext.swift"; sourceTree = "<group>"; };
		F8E9C0A329BBC753006A164A /* HomeView.swift */ = {isa = PBXFileReference; lastKnownFileType = sourcecode.swift; path = HomeView.swift; sourceTree = "<group>"; };
		F8E9C0A529BBC7C8006A164A /* LikeView.swift */ = {isa = PBXFileReference; lastKnownFileType = sourcecode.swift; path = LikeView.swift; sourceTree = "<group>"; };
		F8E9C0A729BBC7F8006A164A /* BasketView.swift */ = {isa = PBXFileReference; lastKnownFileType = sourcecode.swift; path = BasketView.swift; sourceTree = "<group>"; };
		F8E9C0A929BBC81A006A164A /* MessageView.swift */ = {isa = PBXFileReference; lastKnownFileType = sourcecode.swift; path = MessageView.swift; sourceTree = "<group>"; };
		F8E9C0AB29BBC831006A164A /* AccountView.swift */ = {isa = PBXFileReference; lastKnownFileType = sourcecode.swift; path = AccountView.swift; sourceTree = "<group>"; };
/* End PBXFileReference section */

/* Begin PBXFrameworksBuildPhase section */
		F8E9C04429BB691F006A164A /* Frameworks */ = {
			isa = PBXFrameworksBuildPhase;
			buildActionMask = 2147483647;
			files = (
			);
			runOnlyForDeploymentPostprocessing = 0;
		};
/* End PBXFrameworksBuildPhase section */

/* Begin PBXGroup section */
		F8E9C03E29BB691F006A164A = {
			isa = PBXGroup;
			children = (
				F8E9C04929BB691F006A164A /* DemoProfile */,
				F8E9C04829BB691F006A164A /* Products */,
			);
			sourceTree = "<group>";
		};
		F8E9C04829BB691F006A164A /* Products */ = {
			isa = PBXGroup;
			children = (
				F8E9C04729BB691F006A164A /* DemoProfile.app */,
			);
			name = Products;
			sourceTree = "<group>";
		};
		F8E9C04929BB691F006A164A /* DemoProfile */ = {
			isa = PBXGroup;
			children = (
				F8E9C05829BB6D25006A164A /* App */,
				F8E9C05B29BB6D41006A164A /* Models */,
				F8E9C05929BB6D2C006A164A /* Views */,
				F8E9C05A29BB6D37006A164A /* ViewModels */,
				F8E9C05C29BB6D8E006A164A /* Extensions */,
				F8E9C05D29BB75C2006A164A /* Resources */,
				F8E9C08929BB78D5006A164A /* Info.plist */,
				F8E9C05029BB691F006A164A /* Preview Content */,
			);
			path = DemoProfile;
			sourceTree = "<group>";
		};
		F8E9C05029BB691F006A164A /* Preview Content */ = {
			isa = PBXGroup;
			children = (
				F8E9C05129BB691F006A164A /* Preview Assets.xcassets */,
			);
			path = "Preview Content";
			sourceTree = "<group>";
		};
		F8E9C05829BB6D25006A164A /* App */ = {
			isa = PBXGroup;
			children = (
				F8E9C04A29BB691F006A164A /* DemoProfileApp.swift */,
			);
			path = App;
			sourceTree = "<group>";
		};
		F8E9C05929BB6D2C006A164A /* Views */ = {
			isa = PBXGroup;
			children = (
				F8E9C09429BB9E8B006A164A /* TabBar */,
				F8E9C0A329BBC753006A164A /* HomeView.swift */,
				F8E9C0A529BBC7C8006A164A /* LikeView.swift */,
				F8E9C0A729BBC7F8006A164A /* BasketView.swift */,
				F8E9C0A929BBC81A006A164A /* MessageView.swift */,
				F8E9C0AB29BBC831006A164A /* AccountView.swift */,
			);
			path = Views;
			sourceTree = "<group>";
		};
		F8E9C05A29BB6D37006A164A /* ViewModels */ = {
			isa = PBXGroup;
			children = (
			);
			path = ViewModels;
			sourceTree = "<group>";
		};
		F8E9C05B29BB6D41006A164A /* Models */ = {
			isa = PBXGroup;
			children = (
			);
			path = Models;
			sourceTree = "<group>";
		};
		F8E9C05C29BB6D8E006A164A /* Extensions */ = {
			isa = PBXGroup;
			children = (
				F8E9C08C29BB8574006A164A /* Color + ext.swift */,
				F8E9C08E29BB95F1006A164A /* Image + ext.swift */,
				F8E9C09F29BBC1A7006A164A /* View + ext.swift */,
			);
			path = Extensions;
			sourceTree = "<group>";
		};
		F8E9C05D29BB75C2006A164A /* Resources */ = {
			isa = PBXGroup;
			children = (
				F8E9C04E29BB691F006A164A /* Assets.xcassets */,
				F8E9C05E29BB75DA006A164A /* Font */,
			);
			path = Resources;
			sourceTree = "<group>";
		};
		F8E9C05E29BB75DA006A164A /* Font */ = {
			isa = PBXGroup;
			children = (
				F8E9C08A29BB79F6006A164A /* FontMontserrat.swift */,
				F8E9C08429BB7870006A164A /* Montserrat-Bold.ttf */,
				F8E9C08529BB7870006A164A /* Montserrat-Regular.ttf */,
				F8E9C08329BB7870006A164A /* Montserrat-SemiBold.ttf */,
			);
			path = Font;
			sourceTree = "<group>";
		};
		F8E9C09429BB9E8B006A164A /* TabBar */ = {
			isa = PBXGroup;
			children = (
				F8E9C09929BBB25D006A164A /* MainTabBarView.swift */,
				F8E9C09029BB97BC006A164A /* TabBarItemView.swift */,
				F8E9C09529BB9EB5006A164A /* TabBarItem.swift */,
				F8E9C09729BBAFC3006A164A /* TabBarView.swift */,
				F8E9C09B29BBB3B9006A164A /* TabBarItemsPreferenceKey.swift */,
			);
			path = TabBar;
			sourceTree = "<group>";
		};
/* End PBXGroup section */

/* Begin PBXNativeTarget section */
		F8E9C04629BB691F006A164A /* DemoProfile */ = {
			isa = PBXNativeTarget;
			buildConfigurationList = F8E9C05529BB691F006A164A /* Build configuration list for PBXNativeTarget "DemoProfile" */;
			buildPhases = (
				F8E9C04329BB691F006A164A /* Sources */,
				F8E9C04429BB691F006A164A /* Frameworks */,
				F8E9C04529BB691F006A164A /* Resources */,
			);
			buildRules = (
			);
			dependencies = (
			);
			name = DemoProfile;
			productName = DemoProfile;
			productReference = F8E9C04729BB691F006A164A /* DemoProfile.app */;
			productType = "com.apple.product-type.application";
		};
/* End PBXNativeTarget section */

/* Begin PBXProject section */
		F8E9C03F29BB691F006A164A /* Project object */ = {
			isa = PBXProject;
			attributes = {
				BuildIndependentTargetsInParallel = 1;
				LastSwiftUpdateCheck = 1420;
				LastUpgradeCheck = 1420;
				TargetAttributes = {
					F8E9C04629BB691F006A164A = {
						CreatedOnToolsVersion = 14.2;
					};
				};
			};
			buildConfigurationList = F8E9C04229BB691F006A164A /* Build configuration list for PBXProject "DemoProfile" */;
			compatibilityVersion = "Xcode 14.0";
			developmentRegion = en;
			hasScannedForEncodings = 0;
			knownRegions = (
				en,
				Base,
			);
			mainGroup = F8E9C03E29BB691F006A164A;
			productRefGroup = F8E9C04829BB691F006A164A /* Products */;
			projectDirPath = "";
			projectRoot = "";
			targets = (
				F8E9C04629BB691F006A164A /* DemoProfile */,
			);
		};
/* End PBXProject section */

/* Begin PBXResourcesBuildPhase section */
		F8E9C04529BB691F006A164A /* Resources */ = {
			isa = PBXResourcesBuildPhase;
			buildActionMask = 2147483647;
			files = (
				F8E9C08729BB7870006A164A /* Montserrat-Bold.ttf in Resources */,
				F8E9C08629BB7870006A164A /* Montserrat-SemiBold.ttf in Resources */,
				F8E9C05229BB691F006A164A /* Preview Assets.xcassets in Resources */,
				F8E9C08829BB7870006A164A /* Montserrat-Regular.ttf in Resources */,
				F8E9C04F29BB691F006A164A /* Assets.xcassets in Resources */,
			);
			runOnlyForDeploymentPostprocessing = 0;
		};
/* End PBXResourcesBuildPhase section */

/* Begin PBXSourcesBuildPhase section */
		F8E9C04329BB691F006A164A /* Sources */ = {
			isa = PBXSourcesBuildPhase;
			buildActionMask = 2147483647;
			files = (
				F8E9C09129BB97BC006A164A /* TabBarItemView.swift in Sources */,
				F8E9C0A029BBC1A7006A164A /* View + ext.swift in Sources */,
				F8E9C0A829BBC7F8006A164A /* BasketView.swift in Sources */,
				F8E9C09829BBAFC3006A164A /* TabBarView.swift in Sources */,
				F8E9C04B29BB691F006A164A /* DemoProfileApp.swift in Sources */,
				F8E9C09A29BBB25D006A164A /* MainTabBarView.swift in Sources */,
				F8E9C08B29BB79F6006A164A /* FontMontserrat.swift in Sources */,
				F8E9C08D29BB8574006A164A /* Color + ext.swift in Sources */,
				F8E9C09629BB9EB5006A164A /* TabBarItem.swift in Sources */,
				F8E9C0AC29BBC831006A164A /* AccountView.swift in Sources */,
				F8E9C0A429BBC753006A164A /* HomeView.swift in Sources */,
				F8E9C0A629BBC7C8006A164A /* LikeView.swift in Sources */,
				F8E9C08F29BB95F1006A164A /* Image + ext.swift in Sources */,
				F8E9C0AA29BBC81A006A164A /* MessageView.swift in Sources */,
				F8E9C09C29BBB3B9006A164A /* TabBarItemsPreferenceKey.swift in Sources */,
			);
			runOnlyForDeploymentPostprocessing = 0;
		};
/* End PBXSourcesBuildPhase section */

/* Begin XCBuildConfiguration section */
		F8E9C05329BB691F006A164A /* Debug */ = {
			isa = XCBuildConfiguration;
			buildSettings = {
				ALWAYS_SEARCH_USER_PATHS = NO;
				CLANG_ANALYZER_NONNULL = YES;
				CLANG_ANALYZER_NUMBER_OBJECT_CONVERSION = YES_AGGRESSIVE;
				CLANG_CXX_LANGUAGE_STANDARD = "gnu++20";
				CLANG_ENABLE_MODULES = YES;
				CLANG_ENABLE_OBJC_ARC = YES;
				CLANG_ENABLE_OBJC_WEAK = YES;
				CLANG_WARN_BLOCK_CAPTURE_AUTORELEASING = YES;
				CLANG_WARN_BOOL_CONVERSION = YES;
				CLANG_WARN_COMMA = YES;
				CLANG_WARN_CONSTANT_CONVERSION = YES;
				CLANG_WARN_DEPRECATED_OBJC_IMPLEMENTATIONS = YES;
				CLANG_WARN_DIRECT_OBJC_ISA_USAGE = YES_ERROR;
				CLANG_WARN_DOCUMENTATION_COMMENTS = YES;
				CLANG_WARN_EMPTY_BODY = YES;
				CLANG_WARN_ENUM_CONVERSION = YES;
				CLANG_WARN_INFINITE_RECURSION = YES;
				CLANG_WARN_INT_CONVERSION = YES;
				CLANG_WARN_NON_LITERAL_NULL_CONVERSION = YES;
				CLANG_WARN_OBJC_IMPLICIT_RETAIN_SELF = YES;
				CLANG_WARN_OBJC_LITERAL_CONVERSION = YES;
				CLANG_WARN_OBJC_ROOT_CLASS = YES_ERROR;
				CLANG_WARN_QUOTED_INCLUDE_IN_FRAMEWORK_HEADER = YES;
				CLANG_WARN_RANGE_LOOP_ANALYSIS = YES;
				CLANG_WARN_STRICT_PROTOTYPES = YES;
				CLANG_WARN_SUSPICIOUS_MOVE = YES;
				CLANG_WARN_UNGUARDED_AVAILABILITY = YES_AGGRESSIVE;
				CLANG_WARN_UNREACHABLE_CODE = YES;
				CLANG_WARN__DUPLICATE_METHOD_MATCH = YES;
				COPY_PHASE_STRIP = NO;
				DEBUG_INFORMATION_FORMAT = dwarf;
				ENABLE_STRICT_OBJC_MSGSEND = YES;
				ENABLE_TESTABILITY = YES;
				GCC_C_LANGUAGE_STANDARD = gnu11;
				GCC_DYNAMIC_NO_PIC = NO;
				GCC_NO_COMMON_BLOCKS = YES;
				GCC_OPTIMIZATION_LEVEL = 0;
				GCC_PREPROCESSOR_DEFINITIONS = (
					"DEBUG=1",
					"$(inherited)",
				);
				GCC_WARN_64_TO_32_BIT_CONVERSION = YES;
				GCC_WARN_ABOUT_RETURN_TYPE = YES_ERROR;
				GCC_WARN_UNDECLARED_SELECTOR = YES;
				GCC_WARN_UNINITIALIZED_AUTOS = YES_AGGRESSIVE;
				GCC_WARN_UNUSED_FUNCTION = YES;
				GCC_WARN_UNUSED_VARIABLE = YES;
				IPHONEOS_DEPLOYMENT_TARGET = 16.2;
				MTL_ENABLE_DEBUG_INFO = INCLUDE_SOURCE;
				MTL_FAST_MATH = YES;
				ONLY_ACTIVE_ARCH = YES;
				SDKROOT = iphoneos;
				SWIFT_ACTIVE_COMPILATION_CONDITIONS = DEBUG;
				SWIFT_OPTIMIZATION_LEVEL = "-Onone";
			};
			name = Debug;
		};
		F8E9C05429BB691F006A164A /* Release */ = {
			isa = XCBuildConfiguration;
			buildSettings = {
				ALWAYS_SEARCH_USER_PATHS = NO;
				CLANG_ANALYZER_NONNULL = YES;
				CLANG_ANALYZER_NUMBER_OBJECT_CONVERSION = YES_AGGRESSIVE;
				CLANG_CXX_LANGUAGE_STANDARD = "gnu++20";
				CLANG_ENABLE_MODULES = YES;
				CLANG_ENABLE_OBJC_ARC = YES;
				CLANG_ENABLE_OBJC_WEAK = YES;
				CLANG_WARN_BLOCK_CAPTURE_AUTORELEASING = YES;
				CLANG_WARN_BOOL_CONVERSION = YES;
				CLANG_WARN_COMMA = YES;
				CLANG_WARN_CONSTANT_CONVERSION = YES;
				CLANG_WARN_DEPRECATED_OBJC_IMPLEMENTATIONS = YES;
				CLANG_WARN_DIRECT_OBJC_ISA_USAGE = YES_ERROR;
				CLANG_WARN_DOCUMENTATION_COMMENTS = YES;
				CLANG_WARN_EMPTY_BODY = YES;
				CLANG_WARN_ENUM_CONVERSION = YES;
				CLANG_WARN_INFINITE_RECURSION = YES;
				CLANG_WARN_INT_CONVERSION = YES;
				CLANG_WARN_NON_LITERAL_NULL_CONVERSION = YES;
				CLANG_WARN_OBJC_IMPLICIT_RETAIN_SELF = YES;
				CLANG_WARN_OBJC_LITERAL_CONVERSION = YES;
				CLANG_WARN_OBJC_ROOT_CLASS = YES_ERROR;
				CLANG_WARN_QUOTED_INCLUDE_IN_FRAMEWORK_HEADER = YES;
				CLANG_WARN_RANGE_LOOP_ANALYSIS = YES;
				CLANG_WARN_STRICT_PROTOTYPES = YES;
				CLANG_WARN_SUSPICIOUS_MOVE = YES;
				CLANG_WARN_UNGUARDED_AVAILABILITY = YES_AGGRESSIVE;
				CLANG_WARN_UNREACHABLE_CODE = YES;
				CLANG_WARN__DUPLICATE_METHOD_MATCH = YES;
				COPY_PHASE_STRIP = NO;
				DEBUG_INFORMATION_FORMAT = "dwarf-with-dsym";
				ENABLE_NS_ASSERTIONS = NO;
				ENABLE_STRICT_OBJC_MSGSEND = YES;
				GCC_C_LANGUAGE_STANDARD = gnu11;
				GCC_NO_COMMON_BLOCKS = YES;
				GCC_WARN_64_TO_32_BIT_CONVERSION = YES;
				GCC_WARN_ABOUT_RETURN_TYPE = YES_ERROR;
				GCC_WARN_UNDECLARED_SELECTOR = YES;
				GCC_WARN_UNINITIALIZED_AUTOS = YES_AGGRESSIVE;
				GCC_WARN_UNUSED_FUNCTION = YES;
				GCC_WARN_UNUSED_VARIABLE = YES;
				IPHONEOS_DEPLOYMENT_TARGET = 16.2;
				MTL_ENABLE_DEBUG_INFO = NO;
				MTL_FAST_MATH = YES;
				SDKROOT = iphoneos;
				SWIFT_COMPILATION_MODE = wholemodule;
				SWIFT_OPTIMIZATION_LEVEL = "-O";
				VALIDATE_PRODUCT = YES;
			};
			name = Release;
		};
		F8E9C05629BB691F006A164A /* Debug */ = {
			isa = XCBuildConfiguration;
			buildSettings = {
				ASSETCATALOG_COMPILER_APPICON_NAME = AppIcon;
				ASSETCATALOG_COMPILER_GLOBAL_ACCENT_COLOR_NAME = AccentColor;
				CODE_SIGN_STYLE = Automatic;
				CURRENT_PROJECT_VERSION = 1;
				DEVELOPMENT_ASSET_PATHS = "\"DemoProfile/Preview Content\"";
				DEVELOPMENT_TEAM = H5J3S6F67R;
				ENABLE_PREVIEWS = YES;
				GENERATE_INFOPLIST_FILE = YES;
				INFOPLIST_FILE = DemoProfile/Info.plist;
				INFOPLIST_KEY_UIApplicationSceneManifest_Generation = YES;
				INFOPLIST_KEY_UIApplicationSupportsIndirectInputEvents = YES;
				INFOPLIST_KEY_UILaunchScreen_Generation = YES;
				INFOPLIST_KEY_UIStatusBarStyle = "";
				INFOPLIST_KEY_UISupportedInterfaceOrientations_iPad = "UIInterfaceOrientationPortrait UIInterfaceOrientationPortraitUpsideDown UIInterfaceOrientationLandscapeLeft UIInterfaceOrientationLandscapeRight";
				INFOPLIST_KEY_UISupportedInterfaceOrientations_iPhone = "UIInterfaceOrientationPortrait UIInterfaceOrientationLandscapeLeft UIInterfaceOrientationLandscapeRight";
				IPHONEOS_DEPLOYMENT_TARGET = 16.0;
				LD_RUNPATH_SEARCH_PATHS = (
					"$(inherited)",
					"@executable_path/Frameworks",
				);
				MARKETING_VERSION = 1.0;
				PRODUCT_BUNDLE_IDENTIFIER = com.pal.artem.DemoProfile;
				PRODUCT_NAME = "$(TARGET_NAME)";
				SWIFT_EMIT_LOC_STRINGS = YES;
				SWIFT_VERSION = 5.0;
				TARGETED_DEVICE_FAMILY = "1,2";
			};
			name = Debug;
		};
		F8E9C05729BB691F006A164A /* Release */ = {
			isa = XCBuildConfiguration;
			buildSettings = {
				ASSETCATALOG_COMPILER_APPICON_NAME = AppIcon;
				ASSETCATALOG_COMPILER_GLOBAL_ACCENT_COLOR_NAME = AccentColor;
				CODE_SIGN_STYLE = Automatic;
				CURRENT_PROJECT_VERSION = 1;
				DEVELOPMENT_ASSET_PATHS = "\"DemoProfile/Preview Content\"";
				DEVELOPMENT_TEAM = H5J3S6F67R;
				ENABLE_PREVIEWS = YES;
				GENERATE_INFOPLIST_FILE = YES;
				INFOPLIST_FILE = DemoProfile/Info.plist;
				INFOPLIST_KEY_UIApplicationSceneManifest_Generation = YES;
				INFOPLIST_KEY_UIApplicationSupportsIndirectInputEvents = YES;
				INFOPLIST_KEY_UILaunchScreen_Generation = YES;
				INFOPLIST_KEY_UIStatusBarStyle = "";
				INFOPLIST_KEY_UISupportedInterfaceOrientations_iPad = "UIInterfaceOrientationPortrait UIInterfaceOrientationPortraitUpsideDown UIInterfaceOrientationLandscapeLeft UIInterfaceOrientationLandscapeRight";
				INFOPLIST_KEY_UISupportedInterfaceOrientations_iPhone = "UIInterfaceOrientationPortrait UIInterfaceOrientationLandscapeLeft UIInterfaceOrientationLandscapeRight";
				IPHONEOS_DEPLOYMENT_TARGET = 16.0;
				LD_RUNPATH_SEARCH_PATHS = (
					"$(inherited)",
					"@executable_path/Frameworks",
				);
				MARKETING_VERSION = 1.0;
				PRODUCT_BUNDLE_IDENTIFIER = com.pal.artem.DemoProfile;
				PRODUCT_NAME = "$(TARGET_NAME)";
				SWIFT_EMIT_LOC_STRINGS = YES;
				SWIFT_VERSION = 5.0;
				TARGETED_DEVICE_FAMILY = "1,2";
			};
			name = Release;
		};
/* End XCBuildConfiguration section */

/* Begin XCConfigurationList section */
		F8E9C04229BB691F006A164A /* Build configuration list for PBXProject "DemoProfile" */ = {
			isa = XCConfigurationList;
			buildConfigurations = (
				F8E9C05329BB691F006A164A /* Debug */,
				F8E9C05429BB691F006A164A /* Release */,
			);
			defaultConfigurationIsVisible = 0;
			defaultConfigurationName = Release;
		};
		F8E9C05529BB691F006A164A /* Build configuration list for PBXNativeTarget "DemoProfile" */ = {
			isa = XCConfigurationList;
			buildConfigurations = (
				F8E9C05629BB691F006A164A /* Debug */,
				F8E9C05729BB691F006A164A /* Release */,
			);
			defaultConfigurationIsVisible = 0;
			defaultConfigurationName = Release;
		};
/* End XCConfigurationList section */
	};
	rootObject = F8E9C03F29BB691F006A164A /* Project object */;
}
